
Microsoft Visual Studio Solution File, Format Version 12.00
# Visual Studio 15
VisualStudioVersion = 15.0.33403.129
MinimumVisualStudioVersion = 10.0.40219.1
Project("{888888A0-9F3D-457C-B088-3A5042F75D52}") = "m3Ch4Ex3Part1_ChalEx_5", "m3Ch4Ex3Part1_ChalEx_5\m3Ch4Ex3Part1_ChalEx_5.pyproj", "{27C98A90-B909-4CE7-960F-E038FECA9798}"
EndProject
Global
	GlobalSection(SolutionConfigurationPlatforms) = preSolution
		Debug|Any CPU = Debug|Any CPU
		Release|Any CPU = Release|Any CPU
	EndGlobalSection
	GlobalSection(ProjectConfigurationPlatforms) = postSolution
		{27C98A90-B909-4CE7-960F-E038FECA9798}.Debug|Any CPU.ActiveCfg = Debug|Any CPU
		{27C98A90-B909-4CE7-960F-E038FECA9798}.Release|Any CPU.ActiveCfg = Release|Any CPU
	EndGlobalSection
	GlobalSection(SolutionProperties) = preSolution
		HideSolutionNode = FALSE
	EndGlobalSection
	GlobalSection(ExtensibilityGlobals) = postSolution
		SolutionGuid = {14F43470-E161-4E74-B083-DD11C9A5907A}
	EndGlobalSection
EndGlobal
